
Microsoft Visual Studio Solution File, Format Version 12.00
# Visual Studio Version 17
VisualStudioVersion = 17.10.34928.147
MinimumVisualStudioVersion = 10.0.40219.1
Project("{FAE04EC0-301F-11D3-BF4B-00C04F79EFBC}") = "OrderService", "OrderService.csproj", "{7AC154D9-3852-4D2A-9D64-DE14903BAD74}"
EndProject
Global
	GlobalSection(SolutionConfigurationPlatforms) = preSolution
		Debug|Any CPU = Debug|Any CPU
		Release|Any CPU = Release|Any CPU
	EndGlobalSection
	GlobalSection(ProjectConfigurationPlatforms) = postSolution
		{7AC154D9-3852-4D2A-9D64-DE14903BAD74}.Debug|Any CPU.ActiveCfg = Debug|Any CPU
		{7AC154D9-3852-4D2A-9D64-DE14903BAD74}.Debug|Any CPU.Build.0 = Debug|Any CPU
		{7AC154D9-3852-4D2A-9D64-DE14903BAD74}.Release|Any CPU.ActiveCfg = Release|Any CPU
		{7AC154D9-3852-4D2A-9D64-DE14903BAD74}.Release|Any CPU.Build.0 = Release|Any CPU
	EndGlobalSection
	GlobalSection(SolutionProperties) = preSolution
		HideSolutionNode = FALSE
	EndGlobalSection
	GlobalSection(ExtensibilityGlobals) = postSolution
		SolutionGuid = {672F3A65-5113-4FF1-9207-2C435A7DFFDC}
	EndGlobalSection
EndGlobal
